{
    "name": "nodecg-io",
    "requires": true,
    "lockfileVersion": 1,
    "dependencies": {
        "@types/node": {
            "version": "14.0.9",
            "resolved": "https://registry.npmjs.org/@types/node/-/node-14.0.9.tgz",
            "integrity": "sha512-0sCTiXKXELOBxvZLN4krQ0FPOAA7ij+6WwvD0k/PHd9/KAkr4dXel5J9fh6F4x1FwAQILqAWkmpeuS6mjf1iKA=="
        },
        "typescript": {
            "version": "3.9.3",
            "resolved": "https://registry.npmjs.org/typescript/-/typescript-3.9.3.tgz",
            "integrity": "sha512-D/wqnB2xzNFIcoBG9FG8cXRDjiqSTbG2wd8DMZeQyJlP1vfTkIxH4GKveWaEBYySKIg+USu+E+EDIR47SqnaMQ=="
        }
    }
}
