{
    "name": "nodecg-io",
    "requires": true,
    "lockfileVersion": 1,
    "dependencies": {
        "@types/node": {
            "version": "14.0.6",
            "resolved": "https://registry.npmjs.org/@types/node/-/node-14.0.6.tgz",
            "integrity": "sha512-FbNmu4F67d3oZMWBV6Y4MaPER+0EpE9eIYf2yaHhCWovc1dlXCZkqGX4NLHfVVr6umt20TNBdRzrNJIzIKfdbw==",
            "dev": true
        },
        "typescript": {
            "version": "3.9.3",
            "resolved": "https://registry.npmjs.org/typescript/-/typescript-3.9.3.tgz",
            "integrity": "sha512-D/wqnB2xzNFIcoBG9FG8cXRDjiqSTbG2wd8DMZeQyJlP1vfTkIxH4GKveWaEBYySKIg+USu+E+EDIR47SqnaMQ==",
            "dev": true
        }
    }
}
