{
    "name": "midi-input",
    "version": "0.1.0",
    "lockfileVersion": 1,
    "requires": true,
    "dependencies": {
        "@types/node": {
            "version": "13.13.19",
            "resolved": "https://registry.npmjs.org/@types/node/-/node-13.13.19.tgz",
            "integrity": "sha512-IVsULCpTdafcHhBDLYEPnV5l15xV0q065zvOHC1ZmzFYaBCMzku078eXnazoSG8907vZjRgEN/EQjku7GwwFyQ=="
        },
        "typescript": {
            "version": "3.9.7",
            "resolved": "https://registry.npmjs.org/typescript/-/typescript-3.9.7.tgz",
            "integrity": "sha512-BLbiRkiBzAwsjut4x/dsibSTB6yWpwT5qWmC2OfuCg3GgVQCSgMs4vEctYPhsaGtd0AeuuHMkjZ2h2WG8MSzRw=="
        }
    }
}
