{
    "name": "nodecg-io-dashboard",
    "version": "0.1.0",
    "lockfileVersion": 1,
    "requires": true,
    "dependencies": {
        "monaco-editor": {
            "version": "0.21.2",
            "resolved": "https://registry.npmjs.org/monaco-editor/-/monaco-editor-0.21.2.tgz",
            "integrity": "sha512-jS51RLuzMaoJpYbu7F6TPuWpnWTLD4kjRW0+AZzcryvbxrTwhNy1KC9yboyKpgMTahpUbDUsuQULoo0GV1EPqg=="
        }
    }
}
